
Microsoft Visual Studio Solution File, Format Version 11.00
# Visual Studio 2010
Project("{FAE04EC0-301F-11D3-BF4B-00C04F79EFBC}") = "Gravity", "Assembly-CSharp.csproj", "{BAC10644-1E62-0C3F-845F-C609C80C4B98}"
EndProject
Project("{FAE04EC0-301F-11D3-BF4B-00C04F79EFBC}") = "Gravity", "Assembly-CSharp-Editor.csproj", "{A12B2238-4983-5260-B397-7F0772DE84ED}"
EndProject
Global
	GlobalSection(SolutionConfigurationPlatforms) = preSolution
		Debug|Any CPU = Debug|Any CPU
		Release|Any CPU = Release|Any CPU
	EndGlobalSection
	GlobalSection(ProjectConfigurationPlatforms) = postSolution
		{BAC10644-1E62-0C3F-845F-C609C80C4B98}.Debug|Any CPU.ActiveCfg = Debug|Any CPU
		{BAC10644-1E62-0C3F-845F-C609C80C4B98}.Debug|Any CPU.Build.0 = Debug|Any CPU
		{BAC10644-1E62-0C3F-845F-C609C80C4B98}.Release|Any CPU.ActiveCfg = Release|Any CPU
		{BAC10644-1E62-0C3F-845F-C609C80C4B98}.Release|Any CPU.Build.0 = Release|Any CPU
		{A12B2238-4983-5260-B397-7F0772DE84ED}.Debug|Any CPU.ActiveCfg = Debug|Any CPU
		{A12B2238-4983-5260-B397-7F0772DE84ED}.Debug|Any CPU.Build.0 = Debug|Any CPU
		{A12B2238-4983-5260-B397-7F0772DE84ED}.Release|Any CPU.ActiveCfg = Release|Any CPU
		{A12B2238-4983-5260-B397-7F0772DE84ED}.Release|Any CPU.Build.0 = Release|Any CPU
	EndGlobalSection
	GlobalSection(SolutionProperties) = preSolution
		HideSolutionNode = FALSE
	EndGlobalSection
	GlobalSection(MonoDevelopProperties) = preSolution
		StartupItem = Assembly-CSharp.csproj
	EndGlobalSection
EndGlobal
